
Microsoft Visual Studio Solution File, Format Version 12.00
# Visual Studio Version 17
VisualStudioVersion = 17.9.34728.123
MinimumVisualStudioVersion = 10.0.40219.1
Project("{FAE04EC0-301F-11D3-BF4B-00C04F79EFBC}") = "OTP_System_Server", "OTP_System_Server.csproj", "{B439FBA4-034A-48C6-9D45-D9310408EBFF}"
EndProject
Project("{FAE04EC0-301F-11D3-BF4B-00C04F79EFBC}") = "OTP_System_Tests", "..\OTP_System_Tests\OTP_System_Tests.csproj", "{ECB0C9F1-6AC4-4AE4-A4DD-D992796F447A}"
EndProject
Global
	GlobalSection(SolutionConfigurationPlatforms) = preSolution
		Debug|Any CPU = Debug|Any CPU
		Release|Any CPU = Release|Any CPU
	EndGlobalSection
	GlobalSection(ProjectConfigurationPlatforms) = postSolution
		{B439FBA4-034A-48C6-9D45-D9310408EBFF}.Debug|Any CPU.ActiveCfg = Debug|Any CPU
		{B439FBA4-034A-48C6-9D45-D9310408EBFF}.Debug|Any CPU.Build.0 = Debug|Any CPU
		{B439FBA4-034A-48C6-9D45-D9310408EBFF}.Release|Any CPU.ActiveCfg = Release|Any CPU
		{B439FBA4-034A-48C6-9D45-D9310408EBFF}.Release|Any CPU.Build.0 = Release|Any CPU
		{ECB0C9F1-6AC4-4AE4-A4DD-D992796F447A}.Debug|Any CPU.ActiveCfg = Debug|Any CPU
		{ECB0C9F1-6AC4-4AE4-A4DD-D992796F447A}.Debug|Any CPU.Build.0 = Debug|Any CPU
		{ECB0C9F1-6AC4-4AE4-A4DD-D992796F447A}.Release|Any CPU.ActiveCfg = Release|Any CPU
		{ECB0C9F1-6AC4-4AE4-A4DD-D992796F447A}.Release|Any CPU.Build.0 = Release|Any CPU
	EndGlobalSection
	GlobalSection(SolutionProperties) = preSolution
		HideSolutionNode = FALSE
	EndGlobalSection
	GlobalSection(ExtensibilityGlobals) = postSolution
		SolutionGuid = {118A6279-C8D0-4098-9360-31DBB54E11EF}
	EndGlobalSection
EndGlobal
